
Microsoft Visual Studio Solution File, Format Version 12.00
# Blend for Visual Studio Version 16
VisualStudioVersion = 16.0.31205.134
MinimumVisualStudioVersion = 10.0.40219.1
Project("{FAE04EC0-301F-11D3-BF4B-00C04F79EFBC}") = "Element Data Binding", "Element Data Binding\Element Data Binding.csproj", "{BB25EFAD-6F87-4B7F-AAF4-5D612C82AACA}"
EndProject
Global
	GlobalSection(SolutionConfigurationPlatforms) = preSolution
		Debug|Any CPU = Debug|Any CPU
		Release|Any CPU = Release|Any CPU
	EndGlobalSection
	GlobalSection(ProjectConfigurationPlatforms) = postSolution
		{BB25EFAD-6F87-4B7F-AAF4-5D612C82AACA}.Debug|Any CPU.ActiveCfg = Debug|Any CPU
		{BB25EFAD-6F87-4B7F-AAF4-5D612C82AACA}.Debug|Any CPU.Build.0 = Debug|Any CPU
		{BB25EFAD-6F87-4B7F-AAF4-5D612C82AACA}.Release|Any CPU.ActiveCfg = Release|Any CPU
		{BB25EFAD-6F87-4B7F-AAF4-5D612C82AACA}.Release|Any CPU.Build.0 = Release|Any CPU
	EndGlobalSection
	GlobalSection(SolutionProperties) = preSolution
		HideSolutionNode = FALSE
	EndGlobalSection
	GlobalSection(ExtensibilityGlobals) = postSolution
		SolutionGuid = {AB664707-0C84-4AD7-8450-3268EAC4EF7B}
	EndGlobalSection
EndGlobal
